
Microsoft Visual Studio Solution File, Format Version 12.00
# Visual Studio Version 16
VisualStudioVersion = 16.0.28809.33
MinimumVisualStudioVersion = 10.0.40219.1
Project("{FAE04EC0-301F-11D3-BF4B-00C04F79EFBC}") = "MediaIntegrator", "MediaIntegrator\MediaIntegrator.csproj", "{9A75F8C9-0971-4FEE-A271-C558E4AE095C}"
EndProject
Global
	GlobalSection(SolutionConfigurationPlatforms) = preSolution
		Debug|Any CPU = Debug|Any CPU
		Release|Any CPU = Release|Any CPU
	EndGlobalSection
	GlobalSection(ProjectConfigurationPlatforms) = postSolution
		{9A75F8C9-0971-4FEE-A271-C558E4AE095C}.Debug|Any CPU.ActiveCfg = Debug|Any CPU
		{9A75F8C9-0971-4FEE-A271-C558E4AE095C}.Debug|Any CPU.Build.0 = Debug|Any CPU
		{9A75F8C9-0971-4FEE-A271-C558E4AE095C}.Release|Any CPU.ActiveCfg = Release|Any CPU
		{9A75F8C9-0971-4FEE-A271-C558E4AE095C}.Release|Any CPU.Build.0 = Release|Any CPU
	EndGlobalSection
	GlobalSection(SolutionProperties) = preSolution
		HideSolutionNode = FALSE
	EndGlobalSection
	GlobalSection(ExtensibilityGlobals) = postSolution
		SolutionGuid = {DF751527-C0B7-48B6-91AD-319D8B4384EA}
	EndGlobalSection
EndGlobal
